PODS:
  - DVATableViewDatasource (1.2.4)
  - MagicalRecord (2.2):
    - MagicalRecord/Core (= 2.2)
  - MagicalRecord/Core (2.2)

DEPENDENCIES:
  - DVATableViewDatasource (from `../`)
  - MagicalRecord

EXTERNAL SOURCES:
  DVATableViewDatasource:
    :path: ../

SPEC CHECKSUMS:
  DVATableViewDatasource: 0a8ddac50e640d4ac3cca3e1fa7a350647ece8c5
  MagicalRecord: f8a56bb87ab6552f20c4bb8681a1958a197ea3cd

COCOAPODS: 0.37.1
